
Microsoft Visual Studio Solution File, Format Version 12.00
# Visual Studio 14
VisualStudioVersion = 14.0.23107.0
MinimumVisualStudioVersion = 10.0.40219.1
Project("{FAE04EC0-301F-11D3-BF4B-00C04F79EFBC}") = "Scrap", "Scrap\Scrap.csproj", "{AE787FC4-0AEE-41BE-BBE3-ACF0AF7CF043}"
EndProject
Project("{FAE04EC0-301F-11D3-BF4B-00C04F79EFBC}") = "Enterprise", "Enterprise\Enterprise.csproj", "{A901E4EE-C0B7-4669-8277-350AF91547E2}"
EndProject
Project("{FAE04EC0-301F-11D3-BF4B-00C04F79EFBC}") = "Microsoft.Win32", "Microsoft.Win32\Microsoft.Win32.csproj", "{2326FA5D-E825-485C-A302-723419FF58C9}"
EndProject
Project("{FAE04EC0-301F-11D3-BF4B-00C04F79EFBC}") = "Office", "Office\Office.csproj", "{7EE14300-FC63-41EA-B277-EEE07BBCF686}"
EndProject
Project("{FAE04EC0-301F-11D3-BF4B-00C04F79EFBC}") = "Ex.HtmlAgilityPack", "Ex.HtmlAgilityPack\Ex.HtmlAgilityPack.csproj", "{C0421672-5CEF-4194-A520-23630CA84CCF}"
EndProject
Project("{FAE04EC0-301F-11D3-BF4B-00C04F79EFBC}") = "Enterprise.HtmlAgilityPack", "Enterprise.HtmlAgilityPack\Enterprise.HtmlAgilityPack.csproj", "{386DB0FA-DBD9-4E4D-810C-888C8BB2F489}"
EndProject
Project("{FAE04EC0-301F-11D3-BF4B-00C04F79EFBC}") = "Ex.System", "Ex.System\Ex.System.csproj", "{507C2621-0D0B-4109-8939-BE06147540BA}"
EndProject
Project("{FAE04EC0-301F-11D3-BF4B-00C04F79EFBC}") = "Ex.System.Configuration", "Ex.System.Configuration\Ex.System.Configuration.csproj", "{7F217EB4-3990-401C-B159-F0B01CF3C914}"
EndProject
Project("{FAE04EC0-301F-11D3-BF4B-00C04F79EFBC}") = "Ex.System.Web", "Ex.System.Web\Ex.System.Web.csproj", "{9CE949E2-E102-4BA1-921F-8246320FAF35}"
EndProject
Project("{FAE04EC0-301F-11D3-BF4B-00C04F79EFBC}") = "Ex.System.Messaging", "Ex.System.Messaging\Ex.System.Messaging.csproj", "{3C6EF5E7-A737-46B3-9717-E6C3F923C618}"
EndProject
Project("{FAE04EC0-301F-11D3-BF4B-00C04F79EFBC}") = "ImdbClient", "ImdbClient\ImdbClient.csproj", "{F69DE590-60AD-4841-92B7-DE740B301E47}"
EndProject
Project("{FAE04EC0-301F-11D3-BF4B-00C04F79EFBC}") = "MediaImaging", "MediaImaging\MediaImaging.csproj", "{7AE868EC-CAFF-40DB-BE2B-EAB7366CBDC9}"
EndProject
Global
	GlobalSection(SolutionConfigurationPlatforms) = preSolution
		Debug|Any CPU = Debug|Any CPU
		Release|Any CPU = Release|Any CPU
	EndGlobalSection
	GlobalSection(ProjectConfigurationPlatforms) = postSolution
		{AE787FC4-0AEE-41BE-BBE3-ACF0AF7CF043}.Debug|Any CPU.ActiveCfg = Debug|Any CPU
		{AE787FC4-0AEE-41BE-BBE3-ACF0AF7CF043}.Debug|Any CPU.Build.0 = Debug|Any CPU
		{AE787FC4-0AEE-41BE-BBE3-ACF0AF7CF043}.Release|Any CPU.ActiveCfg = Release|Any CPU
		{AE787FC4-0AEE-41BE-BBE3-ACF0AF7CF043}.Release|Any CPU.Build.0 = Release|Any CPU
		{A901E4EE-C0B7-4669-8277-350AF91547E2}.Debug|Any CPU.ActiveCfg = Debug|Any CPU
		{A901E4EE-C0B7-4669-8277-350AF91547E2}.Debug|Any CPU.Build.0 = Debug|Any CPU
		{A901E4EE-C0B7-4669-8277-350AF91547E2}.Release|Any CPU.ActiveCfg = Release|Any CPU
		{A901E4EE-C0B7-4669-8277-350AF91547E2}.Release|Any CPU.Build.0 = Release|Any CPU
		{2326FA5D-E825-485C-A302-723419FF58C9}.Debug|Any CPU.ActiveCfg = Debug|Any CPU
		{2326FA5D-E825-485C-A302-723419FF58C9}.Debug|Any CPU.Build.0 = Debug|Any CPU
		{2326FA5D-E825-485C-A302-723419FF58C9}.Release|Any CPU.ActiveCfg = Release|Any CPU
		{2326FA5D-E825-485C-A302-723419FF58C9}.Release|Any CPU.Build.0 = Release|Any CPU
		{7EE14300-FC63-41EA-B277-EEE07BBCF686}.Debug|Any CPU.ActiveCfg = Debug|Any CPU
		{7EE14300-FC63-41EA-B277-EEE07BBCF686}.Debug|Any CPU.Build.0 = Debug|Any CPU
		{7EE14300-FC63-41EA-B277-EEE07BBCF686}.Release|Any CPU.ActiveCfg = Release|Any CPU
		{7EE14300-FC63-41EA-B277-EEE07BBCF686}.Release|Any CPU.Build.0 = Release|Any CPU
		{C0421672-5CEF-4194-A520-23630CA84CCF}.Debug|Any CPU.ActiveCfg = Debug|Any CPU
		{C0421672-5CEF-4194-A520-23630CA84CCF}.Debug|Any CPU.Build.0 = Debug|Any CPU
		{C0421672-5CEF-4194-A520-23630CA84CCF}.Release|Any CPU.ActiveCfg = Release|Any CPU
		{C0421672-5CEF-4194-A520-23630CA84CCF}.Release|Any CPU.Build.0 = Release|Any CPU
		{386DB0FA-DBD9-4E4D-810C-888C8BB2F489}.Debug|Any CPU.ActiveCfg = Debug|Any CPU
		{386DB0FA-DBD9-4E4D-810C-888C8BB2F489}.Debug|Any CPU.Build.0 = Debug|Any CPU
		{386DB0FA-DBD9-4E4D-810C-888C8BB2F489}.Release|Any CPU.ActiveCfg = Release|Any CPU
		{386DB0FA-DBD9-4E4D-810C-888C8BB2F489}.Release|Any CPU.Build.0 = Release|Any CPU
		{507C2621-0D0B-4109-8939-BE06147540BA}.Debug|Any CPU.ActiveCfg = Debug|Any CPU
		{507C2621-0D0B-4109-8939-BE06147540BA}.Debug|Any CPU.Build.0 = Debug|Any CPU
		{507C2621-0D0B-4109-8939-BE06147540BA}.Release|Any CPU.ActiveCfg = Release|Any CPU
		{507C2621-0D0B-4109-8939-BE06147540BA}.Release|Any CPU.Build.0 = Release|Any CPU
		{7F217EB4-3990-401C-B159-F0B01CF3C914}.Debug|Any CPU.ActiveCfg = Debug|Any CPU
		{7F217EB4-3990-401C-B159-F0B01CF3C914}.Debug|Any CPU.Build.0 = Debug|Any CPU
		{7F217EB4-3990-401C-B159-F0B01CF3C914}.Release|Any CPU.ActiveCfg = Release|Any CPU
		{7F217EB4-3990-401C-B159-F0B01CF3C914}.Release|Any CPU.Build.0 = Release|Any CPU
		{9CE949E2-E102-4BA1-921F-8246320FAF35}.Debug|Any CPU.ActiveCfg = Debug|Any CPU
		{9CE949E2-E102-4BA1-921F-8246320FAF35}.Debug|Any CPU.Build.0 = Debug|Any CPU
		{9CE949E2-E102-4BA1-921F-8246320FAF35}.Release|Any CPU.ActiveCfg = Release|Any CPU
		{9CE949E2-E102-4BA1-921F-8246320FAF35}.Release|Any CPU.Build.0 = Release|Any CPU
		{3C6EF5E7-A737-46B3-9717-E6C3F923C618}.Debug|Any CPU.ActiveCfg = Debug|Any CPU
		{3C6EF5E7-A737-46B3-9717-E6C3F923C618}.Debug|Any CPU.Build.0 = Debug|Any CPU
		{3C6EF5E7-A737-46B3-9717-E6C3F923C618}.Release|Any CPU.ActiveCfg = Release|Any CPU
		{3C6EF5E7-A737-46B3-9717-E6C3F923C618}.Release|Any CPU.Build.0 = Release|Any CPU
		{F69DE590-60AD-4841-92B7-DE740B301E47}.Debug|Any CPU.ActiveCfg = Debug|Any CPU
		{F69DE590-60AD-4841-92B7-DE740B301E47}.Debug|Any CPU.Build.0 = Debug|Any CPU
		{F69DE590-60AD-4841-92B7-DE740B301E47}.Release|Any CPU.ActiveCfg = Release|Any CPU
		{F69DE590-60AD-4841-92B7-DE740B301E47}.Release|Any CPU.Build.0 = Release|Any CPU
		{7AE868EC-CAFF-40DB-BE2B-EAB7366CBDC9}.Debug|Any CPU.ActiveCfg = Debug|Any CPU
		{7AE868EC-CAFF-40DB-BE2B-EAB7366CBDC9}.Debug|Any CPU.Build.0 = Debug|Any CPU
		{7AE868EC-CAFF-40DB-BE2B-EAB7366CBDC9}.Release|Any CPU.ActiveCfg = Release|Any CPU
		{7AE868EC-CAFF-40DB-BE2B-EAB7366CBDC9}.Release|Any CPU.Build.0 = Release|Any CPU
	EndGlobalSection
	GlobalSection(SolutionProperties) = preSolution
		HideSolutionNode = FALSE
	EndGlobalSection
EndGlobal
